// !$*UTF8*$!
{
	archiveVersion = 1;
	classes = {
	};
	objectVersion = 51;
	objects = {

/* Begin PBXBuildFile section */
		3567FF8CD3B1E5C1608C070B /* Pods_iOS_Assessment_Test.framework in Frameworks */ = {isa = PBXBuildFile; fileRef = C7DAE52D2D6A3CA6166488B9 /* Pods_iOS_Assessment_Test.framework */; };
		480FCF1C26B1D7DD005FF782 /* CollectionViewCell.swift in Sources */ = {isa = PBXBuildFile; fileRef = 480FCF1B26B1D7DC005FF782 /* CollectionViewCell.swift */; };
		4838048626B19D4800D3DBE0 /* AppDelegate.swift in Sources */ = {isa = PBXBuildFile; fileRef = 4838048526B19D4800D3DBE0 /* AppDelegate.swift */; };
		4838048826B19D4800D3DBE0 /* SceneDelegate.swift in Sources */ = {isa = PBXBuildFile; fileRef = 4838048726B19D4800D3DBE0 /* SceneDelegate.swift */; };
		4838048A26B19D4800D3DBE0 /* ViewController.swift in Sources */ = {isa = PBXBuildFile; fileRef = 4838048926B19D4800D3DBE0 /* ViewController.swift */; };
		4838048D26B19D4800D3DBE0 /* Main.storyboard in Resources */ = {isa = PBXBuildFile; fileRef = 4838048B26B19D4800D3DBE0 /* Main.storyboard */; };
		4838048F26B19D5400D3DBE0 /* Assets.xcassets in Resources */ = {isa = PBXBuildFile; fileRef = 4838048E26B19D5400D3DBE0 /* Assets.xcassets */; };
		4838049226B19D5400D3DBE0 /* LaunchScreen.storyboard in Resources */ = {isa = PBXBuildFile; fileRef = 4838049026B19D5400D3DBE0 /* LaunchScreen.storyboard */; };
		4838049A26B1A15A00D3DBE0 /* DataModel.swift in Sources */ = {isa = PBXBuildFile; fileRef = 4838049926B1A15A00D3DBE0 /* DataModel.swift */; };
/* End PBXBuildFile section */

/* Begin PBXFileReference section */
		480FCF1B26B1D7DC005FF782 /* CollectionViewCell.swift */ = {isa = PBXFileReference; lastKnownFileType = sourcecode.swift; path = CollectionViewCell.swift; sourceTree = "<group>"; };
		4838048226B19D4800D3DBE0 /* iOS Assessment Test.app */ = {isa = PBXFileReference; explicitFileType = wrapper.application; includeInIndex = 0; path = "iOS Assessment Test.app"; sourceTree = BUILT_PRODUCTS_DIR; };
		4838048526B19D4800D3DBE0 /* AppDelegate.swift */ = {isa = PBXFileReference; lastKnownFileType = sourcecode.swift; path = AppDelegate.swift; sourceTree = "<group>"; };
		4838048726B19D4800D3DBE0 /* SceneDelegate.swift */ = {isa = PBXFileReference; lastKnownFileType = sourcecode.swift; path = SceneDelegate.swift; sourceTree = "<group>"; };
		4838048926B19D4800D3DBE0 /* ViewController.swift */ = {isa = PBXFileReference; lastKnownFileType = sourcecode.swift; path = ViewController.swift; sourceTree = "<group>"; };
		4838048C26B19D4800D3DBE0 /* Base */ = {isa = PBXFileReference; lastKnownFileType = file.storyboard; name = Base; path = Base.lproj/Main.storyboard; sourceTree = "<group>"; };
		4838048E26B19D5400D3DBE0 /* Assets.xcassets */ = {isa = PBXFileReference; lastKnownFileType = folder.assetcatalog; path = Assets.xcassets; sourceTree = "<group>"; };
		4838049126B19D5400D3DBE0 /* Base */ = {isa = PBXFileReference; lastKnownFileType = file.storyboard; name = Base; path = Base.lproj/LaunchScreen.storyboard; sourceTree = "<group>"; };
		4838049326B19D5400D3DBE0 /* Info.plist */ = {isa = PBXFileReference; lastKnownFileType = text.plist.xml; path = Info.plist; sourceTree = "<group>"; };
		4838049926B1A15A00D3DBE0 /* DataModel.swift */ = {isa = PBXFileReference; lastKnownFileType = sourcecode.swift; path = DataModel.swift; sourceTree = "<group>"; };
		76F886B5A9344D4DDE1A0BBC /* Pods-iOS Assessment Test.debug.xcconfig */ = {isa = PBXFileReference; includeInIndex = 1; lastKnownFileType = text.xcconfig; name = "Pods-iOS Assessment Test.debug.xcconfig"; path = "Target Support Files/Pods-iOS Assessment Test/Pods-iOS Assessment Test.debug.xcconfig"; sourceTree = "<group>"; };
		C7DAE52D2D6A3CA6166488B9 /* Pods_iOS_Assessment_Test.framework */ = {isa = PBXFileReference; explicitFileType = wrapper.framework; includeInIndex = 0; path = Pods_iOS_Assessment_Test.framework; sourceTree = BUILT_PRODUCTS_DIR; };
		F7AB67B91EF134FF0C4F989E /* Pods-iOS Assessment Test.release.xcconfig */ = {isa = PBXFileReference; includeInIndex = 1; lastKnownFileType = text.xcconfig; name = "Pods-iOS Assessment Test.release.xcconfig"; path = "Target Support Files/Pods-iOS Assessment Test/Pods-iOS Assessment Test.release.xcconfig"; sourceTree = "<group>"; };
/* End PBXFileReference section */

/* Begin PBXFrameworksBuildPhase section */
		4838047F26B19D4800D3DBE0 /* Frameworks */ = {
			isa = PBXFrameworksBuildPhase;
			buildActionMask = 2147483647;
			files = (
				3567FF8CD3B1E5C1608C070B /* Pods_iOS_Assessment_Test.framework in Frameworks */,
			);
			runOnlyForDeploymentPostprocessing = 0;
		};
/* End PBXFrameworksBuildPhase section */

/* Begin PBXGroup section */
		0DB71A57DD53650B096DA043 /* Pods */ = {
			isa = PBXGroup;
			children = (
				76F886B5A9344D4DDE1A0BBC /* Pods-iOS Assessment Test.debug.xcconfig */,
				F7AB67B91EF134FF0C4F989E /* Pods-iOS Assessment Test.release.xcconfig */,
			);
			path = Pods;
			sourceTree = "<group>";
		};
		4838047926B19D4800D3DBE0 = {
			isa = PBXGroup;
			children = (
				4838048426B19D4800D3DBE0 /* iOS Assessment Test */,
				4838048326B19D4800D3DBE0 /* Products */,
				0DB71A57DD53650B096DA043 /* Pods */,
				9166BF32DA4F79A6A2B6AD39 /* Frameworks */,
			);
			sourceTree = "<group>";
		};
		4838048326B19D4800D3DBE0 /* Products */ = {
			isa = PBXGroup;
			children = (
				4838048226B19D4800D3DBE0 /* iOS Assessment Test.app */,
			);
			name = Products;
			sourceTree = "<group>";
		};
		4838048426B19D4800D3DBE0 /* iOS Assessment Test */ = {
			isa = PBXGroup;
			children = (
				4838048526B19D4800D3DBE0 /* AppDelegate.swift */,
				4838048726B19D4800D3DBE0 /* SceneDelegate.swift */,
				4838048926B19D4800D3DBE0 /* ViewController.swift */,
				4838048B26B19D4800D3DBE0 /* Main.storyboard */,
				4838048E26B19D5400D3DBE0 /* Assets.xcassets */,
				4838049026B19D5400D3DBE0 /* LaunchScreen.storyboard */,
				4838049326B19D5400D3DBE0 /* Info.plist */,
				4838049926B1A15A00D3DBE0 /* DataModel.swift */,
				480FCF1B26B1D7DC005FF782 /* CollectionViewCell.swift */,
			);
			path = "iOS Assessment Test";
			sourceTree = "<group>";
		};
		9166BF32DA4F79A6A2B6AD39 /* Frameworks */ = {
			isa = PBXGroup;
			children = (
				C7DAE52D2D6A3CA6166488B9 /* Pods_iOS_Assessment_Test.framework */,
			);
			name = Frameworks;
			sourceTree = "<group>";
		};
/* End PBXGroup section */

/* Begin PBXNativeTarget section */
		4838048126B19D4800D3DBE0 /* iOS Assessment Test */ = {
			isa = PBXNativeTarget;
			buildConfigurationList = 4838049626B19D5400D3DBE0 /* Build configuration list for PBXNativeTarget "iOS Assessment Test" */;
			buildPhases = (
				ED41C76F2EBB81BCF3776E17 /* [CP] Check Pods Manifest.lock */,
				4838047E26B19D4800D3DBE0 /* Sources */,
				4838047F26B19D4800D3DBE0 /* Frameworks */,
				4838048026B19D4800D3DBE0 /* Resources */,
				5DC0FA31A73CA634523B12D2 /* [CP] Embed Pods Frameworks */,
			);
			buildRules = (
			);
			dependencies = (
			);
			name = "iOS Assessment Test";
			productName = "iOS Assessment Test";
			productReference = 4838048226B19D4800D3DBE0 /* iOS Assessment Test.app */;
			productType = "com.apple.product-type.application";
		};
/* End PBXNativeTarget section */

/* Begin PBXProject section */
		4838047A26B19D4800D3DBE0 /* Project object */ = {
			isa = PBXProject;
			attributes = {
				LastSwiftUpdateCheck = 1250;
				LastUpgradeCheck = 1250;
				TargetAttributes = {
					4838048126B19D4800D3DBE0 = {
						CreatedOnToolsVersion = 12.5;
					};
				};
			};
			buildConfigurationList = 4838047D26B19D4800D3DBE0 /* Build configuration list for PBXProject "iOS Assessment Test" */;
			compatibilityVersion = "Xcode 9.3";
			developmentRegion = en;
			hasScannedForEncodings = 0;
			knownRegions = (
				en,
				Base,
			);
			mainGroup = 4838047926B19D4800D3DBE0;
			productRefGroup = 4838048326B19D4800D3DBE0 /* Products */;
			projectDirPath = "";
			projectRoot = "";
			targets = (
				4838048126B19D4800D3DBE0 /* iOS Assessment Test */,
			);
		};
/* End PBXProject section */

/* Begin PBXResourcesBuildPhase section */
		4838048026B19D4800D3DBE0 /* Resources */ = {
			isa = PBXResourcesBuildPhase;
			buildActionMask = 2147483647;
			files = (
				4838049226B19D5400D3DBE0 /* LaunchScreen.storyboard in Resources */,
				4838048F26B19D5400D3DBE0 /* Assets.xcassets in Resources */,
				4838048D26B19D4800D3DBE0 /* Main.storyboard in Resources */,
			);
			runOnlyForDeploymentPostprocessing = 0;
		};
/* End PBXResourcesBuildPhase section */

/* Begin PBXShellScriptBuildPhase section */
		5DC0FA31A73CA634523B12D2 /* [CP] Embed Pods Frameworks */ = {
			isa = PBXShellScriptBuildPhase;
			buildActionMask = 2147483647;
			files = (
			);
			inputFileListPaths = (
				"${PODS_ROOT}/Target Support Files/Pods-iOS Assessment Test/Pods-iOS Assessment Test-frameworks-${CONFIGURATION}-input-files.xcfilelist",
			);
			name = "[CP] Embed Pods Frameworks";
			outputFileListPaths = (
				"${PODS_ROOT}/Target Support Files/Pods-iOS Assessment Test/Pods-iOS Assessment Test-frameworks-${CONFIGURATION}-output-files.xcfilelist",
			);
			runOnlyForDeploymentPostprocessing = 0;
			shellPath = /bin/sh;
			shellScript = "\"${PODS_ROOT}/Target Support Files/Pods-iOS Assessment Test/Pods-iOS Assessment Test-frameworks.sh\"\n";
			showEnvVarsInLog = 0;
		};
		ED41C76F2EBB81BCF3776E17 /* [CP] Check Pods Manifest.lock */ = {
			isa = PBXShellScriptBuildPhase;
			buildActionMask = 2147483647;
			files = (
			);
			inputFileListPaths = (
			);
			inputPaths = (
				"${PODS_PODFILE_DIR_PATH}/Podfile.lock",
				"${PODS_ROOT}/Manifest.lock",
			);
			name = "[CP] Check Pods Manifest.lock";
			outputFileListPaths = (
			);
			outputPaths = (
				"$(DERIVED_FILE_DIR)/Pods-iOS Assessment Test-checkManifestLockResult.txt",
			);
			runOnlyForDeploymentPostprocessing = 0;
			shellPath = /bin/sh;
			shellScript = "diff \"${PODS_PODFILE_DIR_PATH}/Podfile.lock\" \"${PODS_ROOT}/Manifest.lock\" > /dev/null\nif [ $? != 0 ] ; then\n    # print error to STDERR\n    echo \"error: The sandbox is not in sync with the Podfile.lock. Run 'pod install' or update your CocoaPods installation.\" >&2\n    exit 1\nfi\n# This output is used by Xcode 'outputs' to avoid re-running this script phase.\necho \"SUCCESS\" > \"${SCRIPT_OUTPUT_FILE_0}\"\n";
			showEnvVarsInLog = 0;
		};
/* End PBXShellScriptBuildPhase section */

/* Begin PBXSourcesBuildPhase section */
		4838047E26B19D4800D3DBE0 /* Sources */ = {
			isa = PBXSourcesBuildPhase;
			buildActionMask = 2147483647;
			files = (
				4838048A26B19D4800D3DBE0 /* ViewController.swift in Sources */,
				4838049A26B1A15A00D3DBE0 /* DataModel.swift in Sources */,
				480FCF1C26B1D7DD005FF782 /* CollectionViewCell.swift in Sources */,
				4838048626B19D4800D3DBE0 /* AppDelegate.swift in Sources */,
				4838048826B19D4800D3DBE0 /* SceneDelegate.swift in Sources */,
			);
			runOnlyForDeploymentPostprocessing = 0;
		};
/* End PBXSourcesBuildPhase section */

/* Begin PBXVariantGroup section */
		4838048B26B19D4800D3DBE0 /* Main.storyboard */ = {
			isa = PBXVariantGroup;
			children = (
				4838048C26B19D4800D3DBE0 /* Base */,
			);
			name = Main.storyboard;
			sourceTree = "<group>";
		};
		4838049026B19D5400D3DBE0 /* LaunchScreen.storyboard */ = {
			isa = PBXVariantGroup;
			children = (
				4838049126B19D5400D3DBE0 /* Base */,
			);
			name = LaunchScreen.storyboard;
			sourceTree = "<group>";
		};
/* End PBXVariantGroup section */

/* Begin XCBuildConfiguration section */
		4838049426B19D5400D3DBE0 /* Debug */ = {
			isa = XCBuildConfiguration;
			buildSettings = {
				ALWAYS_SEARCH_USER_PATHS = NO;
				CLANG_ANALYZER_NONNULL = YES;
				CLANG_ANALYZER_NUMBER_OBJECT_CONVERSION = YES_AGGRESSIVE;
				CLANG_CXX_LANGUAGE_STANDARD = "gnu++14";
				CLANG_CXX_LIBRARY = "libc++";
				CLANG_ENABLE_MODULES = YES;
				CLANG_ENABLE_OBJC_ARC = YES;
				CLANG_ENABLE_OBJC_WEAK = YES;
				CLANG_WARN_BLOCK_CAPTURE_AUTORELEASING = YES;
				CLANG_WARN_BOOL_CONVERSION = YES;
				CLANG_WARN_COMMA = YES;
				CLANG_WARN_CONSTANT_CONVERSION = YES;
				CLANG_WARN_DEPRECATED_OBJC_IMPLEMENTATIONS = YES;
				CLANG_WARN_DIRECT_OBJC_ISA_USAGE = YES_ERROR;
				CLANG_WARN_DOCUMENTATION_COMMENTS = YES;
				CLANG_WARN_EMPTY_BODY = YES;
				CLANG_WARN_ENUM_CONVERSION = YES;
				CLANG_WARN_INFINITE_RECURSION = YES;
				CLANG_WARN_INT_CONVERSION = YES;
				CLANG_WARN_NON_LITERAL_NULL_CONVERSION = YES;
				CLANG_WARN_OBJC_IMPLICIT_RETAIN_SELF = YES;
				CLANG_WARN_OBJC_LITERAL_CONVERSION = YES;
				CLANG_WARN_OBJC_ROOT_CLASS = YES_ERROR;
				CLANG_WARN_QUOTED_INCLUDE_IN_FRAMEWORK_HEADER = YES;
				CLANG_WARN_RANGE_LOOP_ANALYSIS = YES;
				CLANG_WARN_STRICT_PROTOTYPES = YES;
				CLANG_WARN_SUSPICIOUS_MOVE = YES;
				CLANG_WARN_UNGUARDED_AVAILABILITY = YES_AGGRESSIVE;
				CLANG_WARN_UNREACHABLE_CODE = YES;
				CLANG_WARN__DUPLICATE_METHOD_MATCH = YES;
				COPY_PHASE_STRIP = NO;
				DEBUG_INFORMATION_FORMAT = dwarf;
				ENABLE_STRICT_OBJC_MSGSEND = YES;
				ENABLE_TESTABILITY = YES;
				GCC_C_LANGUAGE_STANDARD = gnu11;
				GCC_DYNAMIC_NO_PIC = NO;
				GCC_NO_COMMON_BLOCKS = YES;
				GCC_OPTIMIZATION_LEVEL = 0;
				GCC_PREPROCESSOR_DEFINITIONS = (
					"DEBUG=1",
					"$(inherited)",
				);
				GCC_WARN_64_TO_32_BIT_CONVERSION = YES;
				GCC_WARN_ABOUT_RETURN_TYPE = YES_ERROR;
				GCC_WARN_UNDECLARED_SELECTOR = YES;
				GCC_WARN_UNINITIALIZED_AUTOS = YES_AGGRESSIVE;
				GCC_WARN_UNUSED_FUNCTION = YES;
				GCC_WARN_UNUSED_VARIABLE = YES;
				IPHONEOS_DEPLOYMENT_TARGET = 14.5;
				MTL_ENABLE_DEBUG_INFO = INCLUDE_SOURCE;
				MTL_FAST_MATH = YES;
				ONLY_ACTIVE_ARCH = YES;
				SDKROOT = iphoneos;
				SWIFT_ACTIVE_COMPILATION_CONDITIONS = DEBUG;
				SWIFT_OPTIMIZATION_LEVEL = "-Onone";
			};
			name = Debug;
		};
		4838049526B19D5400D3DBE0 /* Release */ = {
			isa = XCBuildConfiguration;
			buildSettings = {
				ALWAYS_SEARCH_USER_PATHS = NO;
				CLANG_ANALYZER_NONNULL = YES;
				CLANG_ANALYZER_NUMBER_OBJECT_CONVERSION = YES_AGGRESSIVE;
				CLANG_CXX_LANGUAGE_STANDARD = "gnu++14";
				CLANG_CXX_LIBRARY = "libc++";
				CLANG_ENABLE_MODULES = YES;
				CLANG_ENABLE_OBJC_ARC = YES;
				CLANG_ENABLE_OBJC_WEAK = YES;
				CLANG_WARN_BLOCK_CAPTURE_AUTORELEASING = YES;
				CLANG_WARN_BOOL_CONVERSION = YES;
				CLANG_WARN_COMMA = YES;
				CLANG_WARN_CONSTANT_CONVERSION = YES;
				CLANG_WARN_DEPRECATED_OBJC_IMPLEMENTATIONS = YES;
				CLANG_WARN_DIRECT_OBJC_ISA_USAGE = YES_ERROR;
				CLANG_WARN_DOCUMENTATION_COMMENTS = YES;
				CLANG_WARN_EMPTY_BODY = YES;
				CLANG_WARN_ENUM_CONVERSION = YES;
				CLANG_WARN_INFINITE_RECURSION = YES;
				CLANG_WARN_INT_CONVERSION = YES;
				CLANG_WARN_NON_LITERAL_NULL_CONVERSION = YES;
				CLANG_WARN_OBJC_IMPLICIT_RETAIN_SELF = YES;
				CLANG_WARN_OBJC_LITERAL_CONVERSION = YES;
				CLANG_WARN_OBJC_ROOT_CLASS = YES_ERROR;
				CLANG_WARN_QUOTED_INCLUDE_IN_FRAMEWORK_HEADER = YES;
				CLANG_WARN_RANGE_LOOP_ANALYSIS = YES;
				CLANG_WARN_STRICT_PROTOTYPES = YES;
				CLANG_WARN_SUSPICIOUS_MOVE = YES;
				CLANG_WARN_UNGUARDED_AVAILABILITY = YES_AGGRESSIVE;
				CLANG_WARN_UNREACHABLE_CODE = YES;
				CLANG_WARN__DUPLICATE_METHOD_MATCH = YES;
				COPY_PHASE_STRIP = NO;
				DEBUG_INFORMATION_FORMAT = "dwarf-with-dsym";
				ENABLE_NS_ASSERTIONS = NO;
				ENABLE_STRICT_OBJC_MSGSEND = YES;
				GCC_C_LANGUAGE_STANDARD = gnu11;
				GCC_NO_COMMON_BLOCKS = YES;
				GCC_WARN_64_TO_32_BIT_CONVERSION = YES;
				GCC_WARN_ABOUT_RETURN_TYPE = YES_ERROR;
				GCC_WARN_UNDECLARED_SELECTOR = YES;
				GCC_WARN_UNINITIALIZED_AUTOS = YES_AGGRESSIVE;
				GCC_WARN_UNUSED_FUNCTION = YES;
				GCC_WARN_UNUSED_VARIABLE = YES;
				IPHONEOS_DEPLOYMENT_TARGET = 14.5;
				MTL_ENABLE_DEBUG_INFO = NO;
				MTL_FAST_MATH = YES;
				SDKROOT = iphoneos;
				SWIFT_COMPILATION_MODE = wholemodule;
				SWIFT_OPTIMIZATION_LEVEL = "-O";
				VALIDATE_PRODUCT = YES;
			};
			name = Release;
		};
		4838049726B19D5400D3DBE0 /* Debug */ = {
			isa = XCBuildConfiguration;
			baseConfigurationReference = 76F886B5A9344D4DDE1A0BBC /* Pods-iOS Assessment Test.debug.xcconfig */;
			buildSettings = {
				ASSETCATALOG_COMPILER_APPICON_NAME = AppIcon;
				ASSETCATALOG_COMPILER_GLOBAL_ACCENT_COLOR_NAME = AccentColor;
				CODE_SIGN_STYLE = Automatic;
				DEVELOPMENT_TEAM = 87K6L4S4V4;
				INFOPLIST_FILE = "iOS Assessment Test/Info.plist";
				LD_RUNPATH_SEARCH_PATHS = (
					"$(inherited)",
					"@executable_path/Frameworks",
				);
				PRODUCT_BUNDLE_IDENTIFIER = "com.Test.iOS-Assessment-Test";
				PRODUCT_NAME = "$(TARGET_NAME)";
				SWIFT_VERSION = 5.0;
				TARGETED_DEVICE_FAMILY = "1,2";
			};
			name = Debug;
		};
		4838049826B19D5400D3DBE0 /* Release */ = {
			isa = XCBuildConfiguration;
			baseConfigurationReference = F7AB67B91EF134FF0C4F989E /* Pods-iOS Assessment Test.release.xcconfig */;
			buildSettings = {
				ASSETCATALOG_COMPILER_APPICON_NAME = AppIcon;
				ASSETCATALOG_COMPILER_GLOBAL_ACCENT_COLOR_NAME = AccentColor;
				CODE_SIGN_STYLE = Automatic;
				DEVELOPMENT_TEAM = 87K6L4S4V4;
				INFOPLIST_FILE = "iOS Assessment Test/Info.plist";
				LD_RUNPATH_SEARCH_PATHS = (
					"$(inherited)",
					"@executable_path/Frameworks",
				);
				PRODUCT_BUNDLE_IDENTIFIER = "com.Test.iOS-Assessment-Test";
				PRODUCT_NAME = "$(TARGET_NAME)";
				SWIFT_VERSION = 5.0;
				TARGETED_DEVICE_FAMILY = "1,2";
			};
			name = Release;
		};
/* End XCBuildConfiguration section */

/* Begin XCConfigurationList section */
		4838047D26B19D4800D3DBE0 /* Build configuration list for PBXProject "iOS Assessment Test" */ = {
			isa = XCConfigurationList;
			buildConfigurations = (
				4838049426B19D5400D3DBE0 /* Debug */,
				4838049526B19D5400D3DBE0 /* Release */,
			);
			defaultConfigurationIsVisible = 0;
			defaultConfigurationName = Release;
		};
		4838049626B19D5400D3DBE0 /* Build configuration list for PBXNativeTarget "iOS Assessment Test" */ = {
			isa = XCConfigurationList;
			buildConfigurations = (
				4838049726B19D5400D3DBE0 /* Debug */,
				4838049826B19D5400D3DBE0 /* Release */,
			);
			defaultConfigurationIsVisible = 0;
			defaultConfigurationName = Release;
		};
/* End XCConfigurationList section */
	};
	rootObject = 4838047A26B19D4800D3DBE0 /* Project object */;
}
